install_repository_dependencies: true
install_resolver_dependencies: true
install_tool_dependencies: true
tools:
- name: msnbase_readmsdata
  owner: lecorguille
  revisions:
  - f6b2750ea32e
  - 86a20118e743
  tool_panel_section_label: Metabolomics
- name: xcms_plot_chromatogram
  owner: lecorguille
  revisions:
  - 271c9d5f0d10
  tool_panel_section_label: Metabolomics
- name: xcms_xcmsset
  owner: lecorguille
  revisions:
  - 793f87231d49
  - 15646e937936
  - 3bd53dcfa438
  tool_panel_section_label: Metabolomics
- name: xcms_merge
  owner: lecorguille
  revisions:
  - a301f001835c
  - 47f9b1fd5ce6
  tool_panel_section_label: Metabolomics
- name: xcms_group
  owner: lecorguille
  revisions:
  - fe4002ac5193
  - 9e45e1c404a4
  tool_panel_section_label: Metabolomics
- name: xcms_retcor
  owner: lecorguille
  revisions:
  - 7faadba7c625
  - 4bfef820569b
  tool_panel_section_label: Metabolomics
- name: xcms_fillpeaks
  owner: lecorguille
  revisions:
  - 3bc94c3abb28
  - de0d85537ee3
  tool_panel_section_label: Metabolomics
- name: camera_annotate
  owner: lecorguille
  revisions:
  - cb923396e70f
  - 1c30ff90f3ae
  - 73d82de36369
  tool_panel_section_label: Metabolomics
- name: xcms_summary
  owner: lecorguille
  revisions:
  - acc0a4a366c1
  - 27e7da5f6848
  tool_panel_section_label: Metabolomics
- name: camera_combinexsannos
  owner: mmonsoor
  revisions:
  - 961089e21ae2
  - 198b035d4848
  tool_panel_section_label: Metabolomics
- name: profia
  owner: ethevenot
  revisions:
  - de9d1270a9ae
  - 39ccace77270
  tool_panel_section_label: Metabolomics
- name: metams_rungc
  owner: yguitton
  revisions:
  - b8d4129dd2a6
  - 2066efbafd7c
  - c75532b75ba1
  tool_panel_section_label: Metabolomics
- name: nmr_preprocessing
  owner: marie-tremblay-metatoul
  revisions:
  - 5b06800f3449
  - 68e2d63bece0
  tool_panel_section_label: Metabolomics
- name: nmr_alignment
  owner: marie-tremblay-metatoul
  revisions:
  - 265ee538e120
  - d690c5ad932f
  tool_panel_section_label: Metabolomics
- name: nmr_bucketing
  owner: marie-tremblay-metatoul
  revisions:
  - 4d5c06b46c2f
  - 1df0b8efe9fc
  tool_panel_section_label: Metabolomics
- name: batchcorrection
  owner: melpetera
  revisions:
  - 73892ef177e3
  - 016780b192a6
  tool_panel_section_label: Metabolomics
- name: normalization
  owner: marie-tremblay-metatoul
  revisions:
  - 221cbd549c40
  - 3d00a98974b7
  - f9554d5bb47e
  tool_panel_section_label: Metabolomics
- name: transformation
  owner: ethevenot
  revisions:
  - cc0e9eff0de2
  tool_panel_section_label: Metabolomics
- name: qualitymetrics
  owner: ethevenot
  revisions:
  - acdf51018708
  - 6d3b7b6573d8
  tool_panel_section_label: Metabolomics
- name: withinvariation
  owner: yguitton
  revisions:
  - 5086ad0c0992
  tool_panel_section_label: Metabolomics
- name: univariate
  owner: ethevenot
  revisions:
  - 5687435b182c
  - 140290de7986
  tool_panel_section_label: Metabolomics
- name: multivariate
  owner: ethevenot
  revisions:
  - 5526f8258e8a
  - e91de3b04320
  tool_panel_section_label: Metabolomics
- name: anova
  owner: lecorguille
  revisions:
  - 102049093b7d
  tool_panel_section_label: Metabolomics
- name: mixmodel4repeated_measures
  owner: jfrancoismartin
  revisions:
  - 1422de181204
  tool_panel_section_label: Metabolomics
- name: asca
  owner: marie-tremblay-metatoul
  revisions:
  - 93312041f1d5
  tool_panel_section_label: Metabolomics
- name: biosigner
  owner: ethevenot
  revisions:
  - fa80bd02055f
  - b2414be87d4b
  tool_panel_section_label: Metabolomics
- name: corr_table
  owner: melpetera
  revisions:
  - 2173ad5e7750
  - b22c453e4cf4
  tool_panel_section_label: Metabolomics
- name: heatmap
  owner: ethevenot
  revisions:
  - b1667c118127
  tool_panel_section_label: Metabolomics
- name: hmdb_ms_search
  owner: fgiacomoni
  revisions:
  - 63ba1cb240b7
  - 505956db90c5
  tool_panel_section_label: Metabolomics
- name: bank_inhouse
  owner: fgiacomoni
  revisions:
  - 52798007c6b2
  tool_panel_section_label: Metabolomics
- name: lipidmaps_textsearch
  owner: fgiacomoni
  revisions:
  - f4e6b77c46e3
  tool_panel_section_label: Metabolomics
- name: massbank_ws_searchspectrum
  owner: fgiacomoni
  revisions:
  - 023c380900ef
  tool_panel_section_label: Metabolomics
- name: lcmsmatching
  owner: prog
  revisions:
  - f86fec07f392
  - fb9c0409d85c
  tool_panel_section_label: Metabolomics
- name: probmetab
  owner: mmonsoor
  revisions:
  - 52b222a626b0
  tool_panel_section_label: Metabolomics
- name: genform
  owner: workflow4metabolomics
  revisions:
  - 963722c4e1da
  tool_panel_section_label: Metabolomics
- name: vkmz
  owner: eslerm
  revisions:
  - 7ad1fe7c01e7
  tool_panel_section_label: Metabolomics
- name: golm_ws_lib_search
  owner: fgiacomoni
  revisions:
  - 28d579fa1718
  - 11779b6402bc
  tool_panel_section_label: Metabolomics
- name: nmr_annotation
  owner: marie-tremblay-metatoul
  revisions:
  - 0ff2d9211ebe
  tool_panel_section_label: Metabolomics
- name: xcms_export_samplemetadata
  owner: lecorguille
  revisions:
  - f39cd33a73a6
  tool_panel_section_label: Metabolomics
- name: generic_filter
  owner: melpetera
  revisions:
  - cfd7c4aa5c26
  - 12cf1eed21f4
  - b1fa45bd2b44
  tool_panel_section_label: Metabolomics
- name: tablemerge
  owner: melpetera
  revisions:
  - e44c5246247a
  - 902ab790fb7b
  tool_panel_section_label: Metabolomics
- name: checkformat
  owner: ethevenot
  revisions:
  - e7c5811ec12f
  - e194eec8e70c
  tool_panel_section_label: Metabolomics
- name: intensity_checks
  owner: melpetera
  revisions:
  - 49c36c54e0cf
  - bdee2c2c484b
  tool_panel_section_label: Metabolomics
- name: idchoice
  owner: melpetera
  revisions:
  - bb19b1d15732
  - b7a6a88f518a
  tool_panel_section_label: Metabolomics
- name: w4mclassfilter
  owner: eschen42
  revisions:
  - 87ec0d3c2266
  - 191a720488ce
  - 38f509903a0b
  - 649cb1bafd3e
  - 9f5c0e23c205
  - c18040b6e8b9
  tool_panel_section_label: Metabolomics
- name: w4mjoinpn
  owner: eschen42
  revisions:
  - dcfaffec48c8
  tool_panel_section_label: Metabolomics
- name: w4mcorcov
  owner: eschen42
  revisions:
  - 2ae2d26e3270
  - 06c51af11531
  - ddaf84e15d06
  - ddcc33ff3205
  tool_panel_section_label: Metabolomics
- name: msnbase_readmsdata
  owner: lecorguille
  revisions:
  - f6b2750ea32e
  tool_panel_section_label: Metabolomics
- name: msconvert
  owner: galaxyp
  revisions:
  - 9ec469ff191a
  tool_panel_section_label: Metabolomics
- name: thermo_raw_file_converter
  owner: galaxyp
  revisions:
  - 77a18a61aeed
  tool_panel_section_label: Metabolomics
- name: msms_extractor
  owner: galaxyp
  revisions:
  - 4bef80b09854
  tool_panel_section_label: Metabolomics
